{
	"name": "@mxjp/binary",
	"version": "1.2.1",
	"lockfileVersion": 3,
	"requires": true,
	"dev": true,
	"packages": {
		"": {
			"name": "@mxjp/binary",
			"version": "1.2.1",
			"dev": true,
			"license": "MIT",
			"devDependencies": {
				"@mxjp/binary": "file:.",
				"@mxjp/parallel": "^1.0.2",
				"@types/node": "^24.6.2",
				"tinybench": "^6.0.1",
				"typescript": "^6.0.3"
			}
		},
		"node_modules/@mxjp/binary": {
			"resolved": "",
			"link": true
		},
		"node_modules/@mxjp/parallel": {
			"version": "1.0.2",
			"resolved": "https://registry.npmjs.org/@mxjp/parallel/-/parallel-1.0.2.tgz",
			"integrity": "sha512-f9A0WBJTLHtASCerZ4eiQvKhsGMYXhhza9g3j/cuwaX2LBSBQoMlJ++00zgqRbl6Fjgp1y7ydEmkXG41gHJfuw==",
			"dev": true,
			"bin": {
				"mx-parallel": "main.js"
			}
		},
		"node_modules/@types/node": {
			"version": "24.12.2",
			"resolved": "https://registry.npmjs.org/@types/node/-/node-24.12.2.tgz",
			"integrity": "sha512-A1sre26ke7HDIuY/M23nd9gfB+nrmhtYyMINbjI1zHJxYteKR6qSMX56FsmjMcDb3SMcjJg5BiRRgOCC/yBD0g==",
			"dev": true,
			"license": "MIT",
			"dependencies": {
				"undici-types": "~7.16.0"
			}
		},
		"node_modules/tinybench": {
			"version": "6.0.1",
			"resolved": "https://registry.npmjs.org/tinybench/-/tinybench-6.0.1.tgz",
			"integrity": "sha512-cMdWsxmysdg8mNWf1pujiWl3TW0cU6m8QuNw55QlnP3I6N96Grb0wnu5N0syHIu3LbiVZCNqlfWzWDq84HZphA==",
			"dev": true,
			"license": "MIT",
			"engines": {
				"node": ">=20.0.0"
			}
		},
		"node_modules/typescript": {
			"version": "6.0.3",
			"resolved": "https://registry.npmjs.org/typescript/-/typescript-6.0.3.tgz",
			"integrity": "sha512-y2TvuxSZPDyQakkFRPZHKFm+KKVqIisdg9/CZwm9ftvKXLP8NRWj38/ODjNbr43SsoXqNuAisEf1GdCxqWcdBw==",
			"dev": true,
			"license": "Apache-2.0",
			"bin": {
				"tsc": "bin/tsc",
				"tsserver": "bin/tsserver"
			},
			"engines": {
				"node": ">=14.17"
			}
		},
		"node_modules/undici-types": {
			"version": "7.16.0",
			"resolved": "https://registry.npmjs.org/undici-types/-/undici-types-7.16.0.tgz",
			"integrity": "sha512-Zz+aZWSj8LE6zoxD+xrjh4VfkIG8Ya6LvYkZqtUQGJPZjYl53ypCaUwWqo7eI0x66KBGeRo+mlBEkMSeSZ38Nw==",
			"dev": true,
			"license": "MIT"
		}
	}
}
