{
	"name": "@mpt/binary",
	"version": "6.0.0",
	"lockfileVersion": 3,
	"requires": true,
	"dev": true,
	"packages": {
		"": {
			"name": "@mpt/binary",
			"version": "6.0.0",
			"dev": true,
			"license": "MIT",
			"devDependencies": {
				"@mpt/binary": "file:.",
				"@mxjp/parallel": "^1.0.2",
				"@types/benchmark": "^2.1.5",
				"@types/node": "^22.10.0",
				"benchmark": "^2.1.4",
				"typescript": "^5.7.2"
			}
		},
		"node_modules/@mpt/binary": {
			"resolved": "",
			"link": true
		},
		"node_modules/@mxjp/parallel": {
			"version": "1.0.2",
			"resolved": "https://registry.npmjs.org/@mxjp/parallel/-/parallel-1.0.2.tgz",
			"integrity": "sha512-f9A0WBJTLHtASCerZ4eiQvKhsGMYXhhza9g3j/cuwaX2LBSBQoMlJ++00zgqRbl6Fjgp1y7ydEmkXG41gHJfuw==",
			"dev": true,
			"bin": {
				"mx-parallel": "main.js"
			}
		},
		"node_modules/@types/benchmark": {
			"version": "2.1.5",
			"resolved": "https://registry.npmjs.org/@types/benchmark/-/benchmark-2.1.5.tgz",
			"integrity": "sha512-cKio2eFB3v7qmKcvIHLUMw/dIx/8bhWPuzpzRT4unCPRTD8VdA9Zb0afxpcxOqR4PixRS7yT42FqGS8BYL8g1w==",
			"dev": true,
			"license": "MIT"
		},
		"node_modules/@types/node": {
			"version": "22.10.0",
			"resolved": "https://registry.npmjs.org/@types/node/-/node-22.10.0.tgz",
			"integrity": "sha512-XC70cRZVElFHfIUB40FgZOBbgJYFKKMa5nb9lxcwYstFG/Mi+/Y0bGS+rs6Dmhmkpq4pnNiLiuZAbc02YCOnmA==",
			"dev": true,
			"license": "MIT",
			"dependencies": {
				"undici-types": "~6.20.0"
			}
		},
		"node_modules/benchmark": {
			"version": "2.1.4",
			"resolved": "https://registry.npmjs.org/benchmark/-/benchmark-2.1.4.tgz",
			"integrity": "sha512-l9MlfN4M1K/H2fbhfMy3B7vJd6AGKJVQn2h6Sg/Yx+KckoUA7ewS5Vv6TjSq18ooE1kS9hhAlQRH3AkXIh/aOQ==",
			"dev": true,
			"license": "MIT",
			"dependencies": {
				"lodash": "^4.17.4",
				"platform": "^1.3.3"
			}
		},
		"node_modules/lodash": {
			"version": "4.17.21",
			"resolved": "https://registry.npmjs.org/lodash/-/lodash-4.17.21.tgz",
			"integrity": "sha512-v2kDEe57lecTulaDIuNTPy3Ry4gLGJ6Z1O3vE1krgXZNrsQ+LFTGHVxVjcXPs17LhbZVGedAJv8XZ1tvj5FvSg==",
			"dev": true,
			"license": "MIT"
		},
		"node_modules/platform": {
			"version": "1.3.6",
			"resolved": "https://registry.npmjs.org/platform/-/platform-1.3.6.tgz",
			"integrity": "sha512-fnWVljUchTro6RiCFvCXBbNhJc2NijN7oIQxbwsyL0buWJPG85v81ehlHI9fXrJsMNgTofEoWIQeClKpgxFLrg==",
			"dev": true,
			"license": "MIT"
		},
		"node_modules/typescript": {
			"version": "5.7.2",
			"resolved": "https://registry.npmjs.org/typescript/-/typescript-5.7.2.tgz",
			"integrity": "sha512-i5t66RHxDvVN40HfDd1PsEThGNnlMCMT3jMUuoh9/0TaqWevNontacunWyN02LA9/fIbEWlcHZcgTKb9QoaLfg==",
			"dev": true,
			"license": "Apache-2.0",
			"bin": {
				"tsc": "bin/tsc",
				"tsserver": "bin/tsserver"
			},
			"engines": {
				"node": ">=14.17"
			}
		},
		"node_modules/undici-types": {
			"version": "6.20.0",
			"resolved": "https://registry.npmjs.org/undici-types/-/undici-types-6.20.0.tgz",
			"integrity": "sha512-Ny6QZ2Nju20vw1SRHe3d9jVu6gJ+4e3+MMpqu7pqE5HT6WsTSlce++GQmK5UXS8mzV8DSYHrQH+Xrf2jVcuKNg==",
			"dev": true,
			"license": "MIT"
		}
	}
}
